// !$*UTF8*$!
{
	archiveVersion = 1;
	classes = {
	};
	objectVersion = 46;
	objects = {

/* Begin PBXBuildFile section */
		9B1C689719769E5E007332D5 /* ScoreView.swift in Sources */ = {isa = PBXBuildFile; fileRef = 9B1C689619769E5E007332D5 /* ScoreView.swift */; };
		9B5B10C51973D3E00003A37C /* AppDelegate.swift in Sources */ = {isa = PBXBuildFile; fileRef = 9B5B10C41973D3E00003A37C /* AppDelegate.swift */; };
		9B5B10CC1973D3E00003A37C /* Images.xcassets in Resources */ = {isa = PBXBuildFile; fileRef = 9B5B10CB1973D3E00003A37C /* Images.xcassets */; };
		9B5B10D81973D3E00003A37C /* _048Tests.swift in Sources */ = {isa = PBXBuildFile; fileRef = 9B5B10D71973D3E00003A37C /* _048Tests.swift */; };
		9B5B10EB1973D5300003A37C /* NumberGame.swift in Sources */ = {isa = PBXBuildFile; fileRef = 9B5B10EA1973D5300003A37C /* NumberGame.swift */; };
		9B5B10F21973F25A0003A37C /* GameModel.swift in Sources */ = {isa = PBXBuildFile; fileRef = 9B5B10F11973F25A0003A37C /* GameModel.swift */; };
		9B5B10F51973F31A0003A37C /* GameBoard.swift in Sources */ = {isa = PBXBuildFile; fileRef = 9B5B10F41973F31A0003A37C /* GameBoard.swift */; };
		9B5B10F71974D0DE0003A37C /* BlockView.swift in Sources */ = {isa = PBXBuildFile; fileRef = 9B5B10F61974D0DE0003A37C /* BlockView.swift */; };
		9B5B10F9197519550003A37C /* ColorDesign.swift in Sources */ = {isa = PBXBuildFile; fileRef = 9B5B10F8197519550003A37C /* ColorDesign.swift */; };
/* End PBXBuildFile section */

/* Begin PBXContainerItemProxy section */
		9B5B10D21973D3E00003A37C /* PBXContainerItemProxy */ = {
			isa = PBXContainerItemProxy;
			containerPortal = 9B5B10B71973D3E00003A37C /* Project object */;
			proxyType = 1;
			remoteGlobalIDString = 9B5B10BE1973D3E00003A37C;
			remoteInfo = 2048;
		};
/* End PBXContainerItemProxy section */

/* Begin PBXFileReference section */
		9B1C689619769E5E007332D5 /* ScoreView.swift */ = {isa = PBXFileReference; fileEncoding = 4; lastKnownFileType = sourcecode.swift; name = ScoreView.swift; path = Views/ScoreView.swift; sourceTree = "<group>"; };
		9B5B10BF1973D3E00003A37C /* 2048.app */ = {isa = PBXFileReference; explicitFileType = wrapper.application; includeInIndex = 0; path = 2048.app; sourceTree = BUILT_PRODUCTS_DIR; };
		9B5B10C31973D3E00003A37C /* Info.plist */ = {isa = PBXFileReference; lastKnownFileType = text.plist.xml; path = Info.plist; sourceTree = "<group>"; };
		9B5B10C41973D3E00003A37C /* AppDelegate.swift */ = {isa = PBXFileReference; lastKnownFileType = sourcecode.swift; path = AppDelegate.swift; sourceTree = "<group>"; };
		9B5B10CB1973D3E00003A37C /* Images.xcassets */ = {isa = PBXFileReference; lastKnownFileType = folder.assetcatalog; path = Images.xcassets; sourceTree = "<group>"; };
		9B5B10D11973D3E00003A37C /* 2048Tests.xctest */ = {isa = PBXFileReference; explicitFileType = wrapper.cfbundle; includeInIndex = 0; path = 2048Tests.xctest; sourceTree = BUILT_PRODUCTS_DIR; };
		9B5B10D61973D3E00003A37C /* Info.plist */ = {isa = PBXFileReference; lastKnownFileType = text.plist.xml; path = Info.plist; sourceTree = "<group>"; };
		9B5B10D71973D3E00003A37C /* _048Tests.swift */ = {isa = PBXFileReference; lastKnownFileType = sourcecode.swift; path = _048Tests.swift; sourceTree = "<group>"; };
		9B5B10EA1973D5300003A37C /* NumberGame.swift */ = {isa = PBXFileReference; fileEncoding = 4; lastKnownFileType = sourcecode.swift; path = NumberGame.swift; sourceTree = "<group>"; };
		9B5B10F11973F25A0003A37C /* GameModel.swift */ = {isa = PBXFileReference; fileEncoding = 4; lastKnownFileType = sourcecode.swift; name = GameModel.swift; path = Model/GameModel.swift; sourceTree = "<group>"; };
		9B5B10F41973F31A0003A37C /* GameBoard.swift */ = {isa = PBXFileReference; fileEncoding = 4; lastKnownFileType = sourcecode.swift; name = GameBoard.swift; path = Views/GameBoard.swift; sourceTree = "<group>"; };
		9B5B10F61974D0DE0003A37C /* BlockView.swift */ = {isa = PBXFileReference; fileEncoding = 4; lastKnownFileType = sourcecode.swift; name = BlockView.swift; path = Views/BlockView.swift; sourceTree = "<group>"; };
		9B5B10F8197519550003A37C /* ColorDesign.swift */ = {isa = PBXFileReference; fileEncoding = 4; lastKnownFileType = sourcecode.swift; name = ColorDesign.swift; path = Views/ColorDesign.swift; sourceTree = "<group>"; };
/* End PBXFileReference section */

/* Begin PBXFrameworksBuildPhase section */
		9B5B10BC1973D3E00003A37C /* Frameworks */ = {
			isa = PBXFrameworksBuildPhase;
			buildActionMask = 2147483647;
			files = (
			);
			runOnlyForDeploymentPostprocessing = 0;
		};
		9B5B10CE1973D3E00003A37C /* Frameworks */ = {
			isa = PBXFrameworksBuildPhase;
			buildActionMask = 2147483647;
			files = (
			);
			runOnlyForDeploymentPostprocessing = 0;
		};
/* End PBXFrameworksBuildPhase section */

/* Begin PBXGroup section */
		9B5B10B61973D3E00003A37C = {
			isa = PBXGroup;
			children = (
				9B5B10E11973D41E0003A37C /* Resource */,
				9B5B10C11973D3E00003A37C /* 2048 */,
				9B5B10D41973D3E00003A37C /* 2048Tests */,
				9B5B10C01973D3E00003A37C /* Products */,
			);
			sourceTree = "<group>";
		};
		9B5B10C01973D3E00003A37C /* Products */ = {
			isa = PBXGroup;
			children = (
				9B5B10BF1973D3E00003A37C /* 2048.app */,
				9B5B10D11973D3E00003A37C /* 2048Tests.xctest */,
			);
			name = Products;
			sourceTree = "<group>";
		};
		9B5B10C11973D3E00003A37C /* 2048 */ = {
			isa = PBXGroup;
			children = (
				9B5B10F31973F2DF0003A37C /* Views */,
				9B5B10EE1973F20A0003A37C /* Model */,
				9B5B10C41973D3E00003A37C /* AppDelegate.swift */,
				9B5B10EA1973D5300003A37C /* NumberGame.swift */,
				9B5B10CB1973D3E00003A37C /* Images.xcassets */,
				9B5B10C21973D3E00003A37C /* Supporting Files */,
			);
			path = 2048;
			sourceTree = "<group>";
		};
		9B5B10C21973D3E00003A37C /* Supporting Files */ = {
			isa = PBXGroup;
			children = (
				9B5B10C31973D3E00003A37C /* Info.plist */,
			);
			name = "Supporting Files";
			sourceTree = "<group>";
		};
		9B5B10D41973D3E00003A37C /* 2048Tests */ = {
			isa = PBXGroup;
			children = (
				9B5B10D71973D3E00003A37C /* _048Tests.swift */,
				9B5B10D51973D3E00003A37C /* Supporting Files */,
			);
			path = 2048Tests;
			sourceTree = "<group>";
		};
		9B5B10D51973D3E00003A37C /* Supporting Files */ = {
			isa = PBXGroup;
			children = (
				9B5B10D61973D3E00003A37C /* Info.plist */,
			);
			name = "Supporting Files";
			sourceTree = "<group>";
		};
		9B5B10E11973D41E0003A37C /* Resource */ = {
			isa = PBXGroup;
			children = (
			);
			name = Resource;
			sourceTree = "<group>";
		};
		9B5B10EE1973F20A0003A37C /* Model */ = {
			isa = PBXGroup;
			children = (
				9B5B10F11973F25A0003A37C /* GameModel.swift */,
			);
			name = Model;
			sourceTree = "<group>";
		};
		9B5B10F31973F2DF0003A37C /* Views */ = {
			isa = PBXGroup;
			children = (
				9B5B10F8197519550003A37C /* ColorDesign.swift */,
				9B5B10F41973F31A0003A37C /* GameBoard.swift */,
				9B5B10F61974D0DE0003A37C /* BlockView.swift */,
				9B1C689619769E5E007332D5 /* ScoreView.swift */,
			);
			name = Views;
			sourceTree = "<group>";
		};
/* End PBXGroup section */

/* Begin PBXNativeTarget section */
		9B5B10BE1973D3E00003A37C /* 2048 */ = {
			isa = PBXNativeTarget;
			buildConfigurationList = 9B5B10DB1973D3E00003A37C /* Build configuration list for PBXNativeTarget "2048" */;
			buildPhases = (
				9B5B10BB1973D3E00003A37C /* Sources */,
				9B5B10BC1973D3E00003A37C /* Frameworks */,
				9B5B10BD1973D3E00003A37C /* Resources */,
			);
			buildRules = (
			);
			dependencies = (
			);
			name = 2048;
			productName = 2048;
			productReference = 9B5B10BF1973D3E00003A37C /* 2048.app */;
			productType = "com.apple.product-type.application";
		};
		9B5B10D01973D3E00003A37C /* 2048Tests */ = {
			isa = PBXNativeTarget;
			buildConfigurationList = 9B5B10DE1973D3E00003A37C /* Build configuration list for PBXNativeTarget "2048Tests" */;
			buildPhases = (
				9B5B10CD1973D3E00003A37C /* Sources */,
				9B5B10CE1973D3E00003A37C /* Frameworks */,
				9B5B10CF1973D3E00003A37C /* Resources */,
			);
			buildRules = (
			);
			dependencies = (
				9B5B10D31973D3E00003A37C /* PBXTargetDependency */,
			);
			name = 2048Tests;
			productName = 2048Tests;
			productReference = 9B5B10D11973D3E00003A37C /* 2048Tests.xctest */;
			productType = "com.apple.product-type.bundle.unit-test";
		};
/* End PBXNativeTarget section */

/* Begin PBXProject section */
		9B5B10B71973D3E00003A37C /* Project object */ = {
			isa = PBXProject;
			attributes = {
				LastUpgradeCheck = 0600;
				ORGANIZATIONNAME = jackyjiao;
				TargetAttributes = {
					9B5B10BE1973D3E00003A37C = {
						CreatedOnToolsVersion = 6.0;
						DevelopmentTeam = 4S3N6UL3R2;
					};
					9B5B10D01973D3E00003A37C = {
						CreatedOnToolsVersion = 6.0;
						TestTargetID = 9B5B10BE1973D3E00003A37C;
					};
				};
			};
			buildConfigurationList = 9B5B10BA1973D3E00003A37C /* Build configuration list for PBXProject "2048" */;
			compatibilityVersion = "Xcode 3.2";
			developmentRegion = English;
			hasScannedForEncodings = 0;
			knownRegions = (
				English,
				en,
				Base,
			);
			mainGroup = 9B5B10B61973D3E00003A37C;
			productRefGroup = 9B5B10C01973D3E00003A37C /* Products */;
			projectDirPath = "";
			projectRoot = "";
			targets = (
				9B5B10BE1973D3E00003A37C /* 2048 */,
				9B5B10D01973D3E00003A37C /* 2048Tests */,
			);
		};
/* End PBXProject section */

/* Begin PBXResourcesBuildPhase section */
		9B5B10BD1973D3E00003A37C /* Resources */ = {
			isa = PBXResourcesBuildPhase;
			buildActionMask = 2147483647;
			files = (
				9B5B10CC1973D3E00003A37C /* Images.xcassets in Resources */,
			);
			runOnlyForDeploymentPostprocessing = 0;
		};
		9B5B10CF1973D3E00003A37C /* Resources */ = {
			isa = PBXResourcesBuildPhase;
			buildActionMask = 2147483647;
			files = (
			);
			runOnlyForDeploymentPostprocessing = 0;
		};
/* End PBXResourcesBuildPhase section */

/* Begin PBXSourcesBuildPhase section */
		9B5B10BB1973D3E00003A37C /* Sources */ = {
			isa = PBXSourcesBuildPhase;
			buildActionMask = 2147483647;
			files = (
				9B5B10F21973F25A0003A37C /* GameModel.swift in Sources */,
				9B1C689719769E5E007332D5 /* ScoreView.swift in Sources */,
				9B5B10F51973F31A0003A37C /* GameBoard.swift in Sources */,
				9B5B10F71974D0DE0003A37C /* BlockView.swift in Sources */,
				9B5B10C51973D3E00003A37C /* AppDelegate.swift in Sources */,
				9B5B10F9197519550003A37C /* ColorDesign.swift in Sources */,
				9B5B10EB1973D5300003A37C /* NumberGame.swift in Sources */,
			);
			runOnlyForDeploymentPostprocessing = 0;
		};
		9B5B10CD1973D3E00003A37C /* Sources */ = {
			isa = PBXSourcesBuildPhase;
			buildActionMask = 2147483647;
			files = (
				9B5B10D81973D3E00003A37C /* _048Tests.swift in Sources */,
			);
			runOnlyForDeploymentPostprocessing = 0;
		};
/* End PBXSourcesBuildPhase section */

/* Begin PBXTargetDependency section */
		9B5B10D31973D3E00003A37C /* PBXTargetDependency */ = {
			isa = PBXTargetDependency;
			target = 9B5B10BE1973D3E00003A37C /* 2048 */;
			targetProxy = 9B5B10D21973D3E00003A37C /* PBXContainerItemProxy */;
		};
/* End PBXTargetDependency section */

/* Begin XCBuildConfiguration section */
		9B5B10D91973D3E00003A37C /* Debug */ = {
			isa = XCBuildConfiguration;
			buildSettings = {
				ALWAYS_SEARCH_USER_PATHS = NO;
				CLANG_CXX_LANGUAGE_STANDARD = "gnu++0x";
				CLANG_CXX_LIBRARY = "libc++";
				CLANG_ENABLE_MODULES = YES;
				CLANG_ENABLE_OBJC_ARC = YES;
				CLANG_WARN_BOOL_CONVERSION = YES;
				CLANG_WARN_CONSTANT_CONVERSION = YES;
				CLANG_WARN_DIRECT_OBJC_ISA_USAGE = YES_ERROR;
				CLANG_WARN_EMPTY_BODY = YES;
				CLANG_WARN_ENUM_CONVERSION = YES;
				CLANG_WARN_INT_CONVERSION = YES;
				CLANG_WARN_OBJC_ROOT_CLASS = YES_ERROR;
				CLANG_WARN_UNREACHABLE_CODE = YES;
				CLANG_WARN__DUPLICATE_METHOD_MATCH = YES;
				CODE_SIGN_IDENTITY = "iPhone Developer: sng tencent (LMSX2PSDM4)";
				"CODE_SIGN_IDENTITY[sdk=iphoneos*]" = "iPhone Developer: sng tencent (LMSX2PSDM4)";
				COPY_PHASE_STRIP = NO;
				ENABLE_STRICT_OBJC_MSGSEND = YES;
				GCC_C_LANGUAGE_STANDARD = gnu99;
				GCC_DYNAMIC_NO_PIC = NO;
				GCC_OPTIMIZATION_LEVEL = 0;
				GCC_PREPROCESSOR_DEFINITIONS = (
					"DEBUG=1",
					"$(inherited)",
				);
				GCC_SYMBOLS_PRIVATE_EXTERN = NO;
				GCC_WARN_64_TO_32_BIT_CONVERSION = YES;
				GCC_WARN_ABOUT_RETURN_TYPE = YES_ERROR;
				GCC_WARN_UNDECLARED_SELECTOR = YES;
				GCC_WARN_UNINITIALIZED_AUTOS = YES_AGGRESSIVE;
				GCC_WARN_UNUSED_FUNCTION = YES;
				GCC_WARN_UNUSED_VARIABLE = YES;
				IPHONEOS_DEPLOYMENT_TARGET = 8.0;
				METAL_ENABLE_DEBUG_INFO = YES;
				ONLY_ACTIVE_ARCH = YES;
				PROVISIONING_PROFILE = "D33CC0E7-C62D-4DF7-8BA5-62C55750D594";
				SDKROOT = iphoneos;
				SWIFT_OPTIMIZATION_LEVEL = "-Onone";
			};
			name = Debug;
		};
		9B5B10DA1973D3E00003A37C /* Release */ = {
			isa = XCBuildConfiguration;
			buildSettings = {
				ALWAYS_SEARCH_USER_PATHS = NO;
				CLANG_CXX_LANGUAGE_STANDARD = "gnu++0x";
				CLANG_CXX_LIBRARY = "libc++";
				CLANG_ENABLE_MODULES = YES;
				CLANG_ENABLE_OBJC_ARC = YES;
				CLANG_WARN_BOOL_CONVERSION = YES;
				CLANG_WARN_CONSTANT_CONVERSION = YES;
				CLANG_WARN_DIRECT_OBJC_ISA_USAGE = YES_ERROR;
				CLANG_WARN_EMPTY_BODY = YES;
				CLANG_WARN_ENUM_CONVERSION = YES;
				CLANG_WARN_INT_CONVERSION = YES;
				CLANG_WARN_OBJC_ROOT_CLASS = YES_ERROR;
				CLANG_WARN_UNREACHABLE_CODE = YES;
				CLANG_WARN__DUPLICATE_METHOD_MATCH = YES;
				CODE_SIGN_IDENTITY = "iPhone Developer: sng tencent (LMSX2PSDM4)";
				"CODE_SIGN_IDENTITY[sdk=iphoneos*]" = "iPhone Developer: sng tencent (LMSX2PSDM4)";
				COPY_PHASE_STRIP = YES;
				ENABLE_NS_ASSERTIONS = NO;
				ENABLE_STRICT_OBJC_MSGSEND = YES;
				GCC_C_LANGUAGE_STANDARD = gnu99;
				GCC_WARN_64_TO_32_BIT_CONVERSION = YES;
				GCC_WARN_ABOUT_RETURN_TYPE = YES_ERROR;
				GCC_WARN_UNDECLARED_SELECTOR = YES;
				GCC_WARN_UNINITIALIZED_AUTOS = YES_AGGRESSIVE;
				GCC_WARN_UNUSED_FUNCTION = YES;
				GCC_WARN_UNUSED_VARIABLE = YES;
				IPHONEOS_DEPLOYMENT_TARGET = 8.0;
				METAL_ENABLE_DEBUG_INFO = NO;
				PROVISIONING_PROFILE = "D33CC0E7-C62D-4DF7-8BA5-62C55750D594";
				SDKROOT = iphoneos;
				VALIDATE_PRODUCT = YES;
			};
			name = Release;
		};
		9B5B10DC1973D3E00003A37C /* Debug */ = {
			isa = XCBuildConfiguration;
			buildSettings = {
				ASSETCATALOG_COMPILER_APPICON_NAME = AppIcon;
				ASSETCATALOG_COMPILER_LAUNCHIMAGE_NAME = LaunchImage;
				CODE_SIGN_IDENTITY = "iPhone Developer: hongping jiao (MU6QZKBR3H)";
				DEVELOPMENT_TEAM = 4S3N6UL3R2;
				INFOPLIST_FILE = 2048/Info.plist;
				LD_RUNPATH_SEARCH_PATHS = "$(inherited) @executable_path/Frameworks";
				PRODUCT_NAME = "$(TARGET_NAME)";
				PROVISIONING_PROFILE = "D33CC0E7-C62D-4DF7-8BA5-62C55750D594";
				PROVISIONING_PROFILE_SPECIFIER = GCloud_Dev_Wildcard_0623;
				SWIFT_VERSION = 5.0;
			};
			name = Debug;
		};
		9B5B10DD1973D3E00003A37C /* Release */ = {
			isa = XCBuildConfiguration;
			buildSettings = {
				ASSETCATALOG_COMPILER_APPICON_NAME = AppIcon;
				ASSETCATALOG_COMPILER_LAUNCHIMAGE_NAME = LaunchImage;
				CODE_SIGN_IDENTITY = "iPhone Developer: hongping jiao (MU6QZKBR3H)";
				DEVELOPMENT_TEAM = 4S3N6UL3R2;
				INFOPLIST_FILE = 2048/Info.plist;
				LD_RUNPATH_SEARCH_PATHS = "$(inherited) @executable_path/Frameworks";
				PRODUCT_NAME = "$(TARGET_NAME)";
				PROVISIONING_PROFILE = "D33CC0E7-C62D-4DF7-8BA5-62C55750D594";
				PROVISIONING_PROFILE_SPECIFIER = GCloud_Dev_Wildcard_0623;
				SWIFT_VERSION = 5.0;
			};
			name = Release;
		};
		9B5B10DF1973D3E00003A37C /* Debug */ = {
			isa = XCBuildConfiguration;
			buildSettings = {
				BUNDLE_LOADER = "$(BUILT_PRODUCTS_DIR)/2048.app/2048";
				FRAMEWORK_SEARCH_PATHS = (
					"$(SDKROOT)/Developer/Library/Frameworks",
					"$(inherited)",
				);
				GCC_PREPROCESSOR_DEFINITIONS = (
					"DEBUG=1",
					"$(inherited)",
				);
				INFOPLIST_FILE = 2048Tests/Info.plist;
				LD_RUNPATH_SEARCH_PATHS = "$(inherited) @executable_path/Frameworks @loader_path/Frameworks";
				METAL_ENABLE_DEBUG_INFO = YES;
				PRODUCT_NAME = "$(TARGET_NAME)";
				TEST_HOST = "$(BUNDLE_LOADER)";
			};
			name = Debug;
		};
		9B5B10E01973D3E00003A37C /* Release */ = {
			isa = XCBuildConfiguration;
			buildSettings = {
				BUNDLE_LOADER = "$(BUILT_PRODUCTS_DIR)/2048.app/2048";
				FRAMEWORK_SEARCH_PATHS = (
					"$(SDKROOT)/Developer/Library/Frameworks",
					"$(inherited)",
				);
				INFOPLIST_FILE = 2048Tests/Info.plist;
				LD_RUNPATH_SEARCH_PATHS = "$(inherited) @executable_path/Frameworks @loader_path/Frameworks";
				METAL_ENABLE_DEBUG_INFO = NO;
				PRODUCT_NAME = "$(TARGET_NAME)";
				TEST_HOST = "$(BUNDLE_LOADER)";
			};
			name = Release;
		};
/* End XCBuildConfiguration section */

/* Begin XCConfigurationList section */
		9B5B10BA1973D3E00003A37C /* Build configuration list for PBXProject "2048" */ = {
			isa = XCConfigurationList;
			buildConfigurations = (
				9B5B10D91973D3E00003A37C /* Debug */,
				9B5B10DA1973D3E00003A37C /* Release */,
			);
			defaultConfigurationIsVisible = 0;
			defaultConfigurationName = Release;
		};
		9B5B10DB1973D3E00003A37C /* Build configuration list for PBXNativeTarget "2048" */ = {
			isa = XCConfigurationList;
			buildConfigurations = (
				9B5B10DC1973D3E00003A37C /* Debug */,
				9B5B10DD1973D3E00003A37C /* Release */,
			);
			defaultConfigurationIsVisible = 0;
			defaultConfigurationName = Release;
		};
		9B5B10DE1973D3E00003A37C /* Build configuration list for PBXNativeTarget "2048Tests" */ = {
			isa = XCConfigurationList;
			buildConfigurations = (
				9B5B10DF1973D3E00003A37C /* Debug */,
				9B5B10E01973D3E00003A37C /* Release */,
			);
			defaultConfigurationIsVisible = 0;
			defaultConfigurationName = Release;
		};
/* End XCConfigurationList section */
	};
	rootObject = 9B5B10B71973D3E00003A37C /* Project object */;
}
